{
  "name": "@sztu-association/lib",
  "version": "1.0.0",
  "lockfileVersion": 3,
  "requires": true,
  "packages": {
    "": {
      "name": "@sztu-association/lib",
      "version": "1.0.0",
      "dependencies": {
        "@sztu-association/lib": "file:"
      }
    },
    "node_modules/@sztu-association/lib": {
      "resolved": "",
      "link": true
    }
  }
}
