{
  "name": "@sztu-association/typescript-config",
  "version": "0.0.0",
  "lockfileVersion": 3,
  "requires": true,
  "packages": {
    "": {
      "name": "@sztu-association/typescript-config",
      "version": "0.0.0",
      "dependencies": {
        "@sztu-association/typescript-config": "file:"
      }
    },
    "node_modules/@sztu-association/typescript-config": {
      "resolved": "",
      "link": true
    }
  }
}
